// !$*UTF8*$!
{
	archiveVersion = 1;
	classes = {
	};
	objectVersion = 46;
	objects = {

/* Begin PBXBuildFile section */
		BE3529D81E142704008B4630 /* AppDelegate.swift in Sources */ = {isa = PBXBuildFile; fileRef = BE3529D71E142704008B4630 /* AppDelegate.swift */; };
		BE3529DA1E142704008B4630 /* ViewController.swift in Sources */ = {isa = PBXBuildFile; fileRef = BE3529D91E142704008B4630 /* ViewController.swift */; };
		BE3529DD1E142704008B4630 /* Main.storyboard in Resources */ = {isa = PBXBuildFile; fileRef = BE3529DB1E142704008B4630 /* Main.storyboard */; };
		BE3529DF1E142704008B4630 /* Assets.xcassets in Resources */ = {isa = PBXBuildFile; fileRef = BE3529DE1E142704008B4630 /* Assets.xcassets */; };
		BE3529E21E142704008B4630 /* LaunchScreen.storyboard in Resources */ = {isa = PBXBuildFile; fileRef = BE3529E01E142704008B4630 /* LaunchScreen.storyboard */; };
		BE3529EA1E142E1D008B4630 /* TuboViewController.swift in Sources */ = {isa = PBXBuildFile; fileRef = BE3529E91E142E1D008B4630 /* TuboViewController.swift */; };
		BE3529EC1E143B29008B4630 /* NovaViewController.swift in Sources */ = {isa = PBXBuildFile; fileRef = BE3529EB1E143B29008B4630 /* NovaViewController.swift */; };
/* End PBXBuildFile section */

/* Begin PBXFileReference section */
		BE3529D41E142704008B4630 /* TvDigital.app */ = {isa = PBXFileReference; explicitFileType = wrapper.application; includeInIndex = 0; path = TvDigital.app; sourceTree = BUILT_PRODUCTS_DIR; };
		BE3529D71E142704008B4630 /* AppDelegate.swift */ = {isa = PBXFileReference; lastKnownFileType = sourcecode.swift; path = AppDelegate.swift; sourceTree = "<group>"; };
		BE3529D91E142704008B4630 /* ViewController.swift */ = {isa = PBXFileReference; lastKnownFileType = sourcecode.swift; path = ViewController.swift; sourceTree = "<group>"; };
		BE3529DC1E142704008B4630 /* Base */ = {isa = PBXFileReference; lastKnownFileType = file.storyboard; name = Base; path = Base.lproj/Main.storyboard; sourceTree = "<group>"; };
		BE3529DE1E142704008B4630 /* Assets.xcassets */ = {isa = PBXFileReference; lastKnownFileType = folder.assetcatalog; path = Assets.xcassets; sourceTree = "<group>"; };
		BE3529E11E142704008B4630 /* Base */ = {isa = PBXFileReference; lastKnownFileType = file.storyboard; name = Base; path = Base.lproj/LaunchScreen.storyboard; sourceTree = "<group>"; };
		BE3529E31E142704008B4630 /* Info.plist */ = {isa = PBXFileReference; lastKnownFileType = text.plist.xml; path = Info.plist; sourceTree = "<group>"; };
		BE3529E91E142E1D008B4630 /* TuboViewController.swift */ = {isa = PBXFileReference; fileEncoding = 4; lastKnownFileType = sourcecode.swift; path = TuboViewController.swift; sourceTree = "<group>"; };
		BE3529EB1E143B29008B4630 /* NovaViewController.swift */ = {isa = PBXFileReference; fileEncoding = 4; lastKnownFileType = sourcecode.swift; path = NovaViewController.swift; sourceTree = "<group>"; };
/* End PBXFileReference section */

/* Begin PBXFrameworksBuildPhase section */
		BE3529D11E142703008B4630 /* Frameworks */ = {
			isa = PBXFrameworksBuildPhase;
			buildActionMask = 2147483647;
			files = (
			);
			runOnlyForDeploymentPostprocessing = 0;
		};
/* End PBXFrameworksBuildPhase section */

/* Begin PBXGroup section */
		BE3529CB1E142703008B4630 = {
			isa = PBXGroup;
			children = (
				BE3529D61E142704008B4630 /* TvDigital */,
				BE3529D51E142704008B4630 /* Products */,
			);
			sourceTree = "<group>";
		};
		BE3529D51E142704008B4630 /* Products */ = {
			isa = PBXGroup;
			children = (
				BE3529D41E142704008B4630 /* TvDigital.app */,
			);
			name = Products;
			sourceTree = "<group>";
		};
		BE3529D61E142704008B4630 /* TvDigital */ = {
			isa = PBXGroup;
			children = (
				BE3529D71E142704008B4630 /* AppDelegate.swift */,
				BE3529D91E142704008B4630 /* ViewController.swift */,
				BE3529DB1E142704008B4630 /* Main.storyboard */,
				BE3529EB1E143B29008B4630 /* NovaViewController.swift */,
				BE3529E91E142E1D008B4630 /* TuboViewController.swift */,
				BE3529DE1E142704008B4630 /* Assets.xcassets */,
				BE3529E01E142704008B4630 /* LaunchScreen.storyboard */,
				BE3529E31E142704008B4630 /* Info.plist */,
			);
			path = TvDigital;
			sourceTree = "<group>";
		};
/* End PBXGroup section */

/* Begin PBXNativeTarget section */
		BE3529D31E142703008B4630 /* TvDigital */ = {
			isa = PBXNativeTarget;
			buildConfigurationList = BE3529E61E142704008B4630 /* Build configuration list for PBXNativeTarget "TvDigital" */;
			buildPhases = (
				BE3529D01E142703008B4630 /* Sources */,
				BE3529D11E142703008B4630 /* Frameworks */,
				BE3529D21E142703008B4630 /* Resources */,
			);
			buildRules = (
			);
			dependencies = (
			);
			name = TvDigital;
			productName = TvDigital;
			productReference = BE3529D41E142704008B4630 /* TvDigital.app */;
			productType = "com.apple.product-type.application";
		};
/* End PBXNativeTarget section */

/* Begin PBXProject section */
		BE3529CC1E142703008B4630 /* Project object */ = {
			isa = PBXProject;
			attributes = {
				LastSwiftUpdateCheck = 0820;
				LastUpgradeCheck = 0820;
				ORGANIZATIONNAME = "Henrique Liberato";
				TargetAttributes = {
					BE3529D31E142703008B4630 = {
						CreatedOnToolsVersion = 8.2.1;
						DevelopmentTeam = NRP9A9RQ86;
						ProvisioningStyle = Automatic;
					};
				};
			};
			buildConfigurationList = BE3529CF1E142703008B4630 /* Build configuration list for PBXProject "TvDigital" */;
			compatibilityVersion = "Xcode 3.2";
			developmentRegion = English;
			hasScannedForEncodings = 0;
			knownRegions = (
				en,
				Base,
			);
			mainGroup = BE3529CB1E142703008B4630;
			productRefGroup = BE3529D51E142704008B4630 /* Products */;
			projectDirPath = "";
			projectRoot = "";
			targets = (
				BE3529D31E142703008B4630 /* TvDigital */,
			);
		};
/* End PBXProject section */

/* Begin PBXResourcesBuildPhase section */
		BE3529D21E142703008B4630 /* Resources */ = {
			isa = PBXResourcesBuildPhase;
			buildActionMask = 2147483647;
			files = (
				BE3529E21E142704008B4630 /* LaunchScreen.storyboard in Resources */,
				BE3529DF1E142704008B4630 /* Assets.xcassets in Resources */,
				BE3529DD1E142704008B4630 /* Main.storyboard in Resources */,
			);
			runOnlyForDeploymentPostprocessing = 0;
		};
/* End PBXResourcesBuildPhase section */

/* Begin PBXSourcesBuildPhase section */
		BE3529D01E142703008B4630 /* Sources */ = {
			isa = PBXSourcesBuildPhase;
			buildActionMask = 2147483647;
			files = (
				BE3529EA1E142E1D008B4630 /* TuboViewController.swift in Sources */,
				BE3529DA1E142704008B4630 /* ViewController.swift in Sources */,
				BE3529EC1E143B29008B4630 /* NovaViewController.swift in Sources */,
				BE3529D81E142704008B4630 /* AppDelegate.swift in Sources */,
			);
			runOnlyForDeploymentPostprocessing = 0;
		};
/* End PBXSourcesBuildPhase section */

/* Begin PBXVariantGroup section */
		BE3529DB1E142704008B4630 /* Main.storyboard */ = {
			isa = PBXVariantGroup;
			children = (
				BE3529DC1E142704008B4630 /* Base */,
			);
			name = Main.storyboard;
			sourceTree = "<group>";
		};
		BE3529E01E142704008B4630 /* LaunchScreen.storyboard */ = {
			isa = PBXVariantGroup;
			children = (
				BE3529E11E142704008B4630 /* Base */,
			);
			name = LaunchScreen.storyboard;
			sourceTree = "<group>";
		};
/* End PBXVariantGroup section */

/* Begin XCBuildConfiguration section */
		BE3529E41E142704008B4630 /* Debug */ = {
			isa = XCBuildConfiguration;
			buildSettings = {
				ALWAYS_SEARCH_USER_PATHS = NO;
				CLANG_ANALYZER_NONNULL = YES;
				CLANG_CXX_LANGUAGE_STANDARD = "gnu++0x";
				CLANG_CXX_LIBRARY = "libc++";
				CLANG_ENABLE_MODULES = YES;
				CLANG_ENABLE_OBJC_ARC = YES;
				CLANG_WARN_BOOL_CONVERSION = YES;
				CLANG_WARN_CONSTANT_CONVERSION = YES;
				CLANG_WARN_DIRECT_OBJC_ISA_USAGE = YES_ERROR;
				CLANG_WARN_DOCUMENTATION_COMMENTS = YES;
				CLANG_WARN_EMPTY_BODY = YES;
				CLANG_WARN_ENUM_CONVERSION = YES;
				CLANG_WARN_INFINITE_RECURSION = YES;
				CLANG_WARN_INT_CONVERSION = YES;
				CLANG_WARN_OBJC_ROOT_CLASS = YES_ERROR;
				CLANG_WARN_SUSPICIOUS_MOVE = YES;
				CLANG_WARN_UNREACHABLE_CODE = YES;
				CLANG_WARN__DUPLICATE_METHOD_MATCH = YES;
				"CODE_SIGN_IDENTITY[sdk=iphoneos*]" = "iPhone Developer";
				COPY_PHASE_STRIP = NO;
				DEBUG_INFORMATION_FORMAT = dwarf;
				ENABLE_STRICT_OBJC_MSGSEND = YES;
				ENABLE_TESTABILITY = YES;
				GCC_C_LANGUAGE_STANDARD = gnu99;
				GCC_DYNAMIC_NO_PIC = NO;
				GCC_NO_COMMON_BLOCKS = YES;
				GCC_OPTIMIZATION_LEVEL = 0;
				GCC_PREPROCESSOR_DEFINITIONS = (
					"DEBUG=1",
					"$(inherited)",
				);
				GCC_WARN_64_TO_32_BIT_CONVERSION = YES;
				GCC_WARN_ABOUT_RETURN_TYPE = YES_ERROR;
				GCC_WARN_UNDECLARED_SELECTOR = YES;
				GCC_WARN_UNINITIALIZED_AUTOS = YES_AGGRESSIVE;
				GCC_WARN_UNUSED_FUNCTION = YES;
				GCC_WARN_UNUSED_VARIABLE = YES;
				IPHONEOS_DEPLOYMENT_TARGET = 10.2;
				MTL_ENABLE_DEBUG_INFO = YES;
				ONLY_ACTIVE_ARCH = YES;
				SDKROOT = iphoneos;
				SWIFT_ACTIVE_COMPILATION_CONDITIONS = DEBUG;
				SWIFT_OPTIMIZATION_LEVEL = "-Onone";
			};
			name = Debug;
		};
		BE3529E51E142704008B4630 /* Release */ = {
			isa = XCBuildConfiguration;
			buildSettings = {
				ALWAYS_SEARCH_USER_PATHS = NO;
				CLANG_ANALYZER_NONNULL = YES;
				CLANG_CXX_LANGUAGE_STANDARD = "gnu++0x";
				CLANG_CXX_LIBRARY = "libc++";
				CLANG_ENABLE_MODULES = YES;
				CLANG_ENABLE_OBJC_ARC = YES;
				CLANG_WARN_BOOL_CONVERSION = YES;
				CLANG_WARN_CONSTANT_CONVERSION = YES;
				CLANG_WARN_DIRECT_OBJC_ISA_USAGE = YES_ERROR;
				CLANG_WARN_DOCUMENTATION_COMMENTS = YES;
				CLANG_WARN_EMPTY_BODY = YES;
				CLANG_WARN_ENUM_CONVERSION = YES;
				CLANG_WARN_INFINITE_RECURSION = YES;
				CLANG_WARN_INT_CONVERSION = YES;
				CLANG_WARN_OBJC_ROOT_CLASS = YES_ERROR;
				CLANG_WARN_SUSPICIOUS_MOVE = YES;
				CLANG_WARN_UNREACHABLE_CODE = YES;
				CLANG_WARN__DUPLICATE_METHOD_MATCH = YES;
				"CODE_SIGN_IDENTITY[sdk=iphoneos*]" = "iPhone Developer";
				COPY_PHASE_STRIP = NO;
				DEBUG_INFORMATION_FORMAT = "dwarf-with-dsym";
				ENABLE_NS_ASSERTIONS = NO;
				ENABLE_STRICT_OBJC_MSGSEND = YES;
				GCC_C_LANGUAGE_STANDARD = gnu99;
				GCC_NO_COMMON_BLOCKS = YES;
				GCC_WARN_64_TO_32_BIT_CONVERSION = YES;
				GCC_WARN_ABOUT_RETURN_TYPE = YES_ERROR;
				GCC_WARN_UNDECLARED_SELECTOR = YES;
				GCC_WARN_UNINITIALIZED_AUTOS = YES_AGGRESSIVE;
				GCC_WARN_UNUSED_FUNCTION = YES;
				GCC_WARN_UNUSED_VARIABLE = YES;
				IPHONEOS_DEPLOYMENT_TARGET = 10.2;
				MTL_ENABLE_DEBUG_INFO = NO;
				SDKROOT = iphoneos;
				SWIFT_OPTIMIZATION_LEVEL = "-Owholemodule";
				VALIDATE_PRODUCT = YES;
			};
			name = Release;
		};
		BE3529E71E142704008B4630 /* Debug */ = {
			isa = XCBuildConfiguration;
			buildSettings = {
				ASSETCATALOG_COMPILER_APPICON_NAME = AppIcon;
				DEVELOPMENT_TEAM = NRP9A9RQ86;
				INFOPLIST_FILE = TvDigital/Info.plist;
				LD_RUNPATH_SEARCH_PATHS = "$(inherited) @executable_path/Frameworks";
				PRODUCT_BUNDLE_IDENTIFIER = br.com.henriqueliberato.TvDigital;
				PRODUCT_NAME = "$(TARGET_NAME)";
				SWIFT_VERSION = 3.0;
			};
			name = Debug;
		};
		BE3529E81E142704008B4630 /* Release */ = {
			isa = XCBuildConfiguration;
			buildSettings = {
				ASSETCATALOG_COMPILER_APPICON_NAME = AppIcon;
				DEVELOPMENT_TEAM = NRP9A9RQ86;
				INFOPLIST_FILE = TvDigital/Info.plist;
				LD_RUNPATH_SEARCH_PATHS = "$(inherited) @executable_path/Frameworks";
				PRODUCT_BUNDLE_IDENTIFIER = br.com.henriqueliberato.TvDigital;
				PRODUCT_NAME = "$(TARGET_NAME)";
				SWIFT_VERSION = 3.0;
			};
			name = Release;
		};
/* End XCBuildConfiguration section */

/* Begin XCConfigurationList section */
		BE3529CF1E142703008B4630 /* Build configuration list for PBXProject "TvDigital" */ = {
			isa = XCConfigurationList;
			buildConfigurations = (
				BE3529E41E142704008B4630 /* Debug */,
				BE3529E51E142704008B4630 /* Release */,
			);
			defaultConfigurationIsVisible = 0;
			defaultConfigurationName = Release;
		};
		BE3529E61E142704008B4630 /* Build configuration list for PBXNativeTarget "TvDigital" */ = {
			isa = XCConfigurationList;
			buildConfigurations = (
				BE3529E71E142704008B4630 /* Debug */,
				BE3529E81E142704008B4630 /* Release */,
			);
			defaultConfigurationIsVisible = 0;
		};
/* End XCConfigurationList section */
	};
	rootObject = BE3529CC1E142703008B4630 /* Project object */;
}
