// !$*UTF8*$!
{
	archiveVersion = 1;
	classes = {
	};
	objectVersion = 46;
	objects = {

/* Begin PBXBuildFile section */
		BE65AC811E09B3600084D267 /* AppDelegate.swift in Sources */ = {isa = PBXBuildFile; fileRef = BE65AC801E09B3600084D267 /* AppDelegate.swift */; };
		BE65AC831E09B3600084D267 /* ViewController.swift in Sources */ = {isa = PBXBuildFile; fileRef = BE65AC821E09B3600084D267 /* ViewController.swift */; };
		BE65AC861E09B3600084D267 /* Main.storyboard in Resources */ = {isa = PBXBuildFile; fileRef = BE65AC841E09B3600084D267 /* Main.storyboard */; };
		BE65AC881E09B3600084D267 /* Assets.xcassets in Resources */ = {isa = PBXBuildFile; fileRef = BE65AC871E09B3600084D267 /* Assets.xcassets */; };
		BE65AC8B1E09B3600084D267 /* LaunchScreen.storyboard in Resources */ = {isa = PBXBuildFile; fileRef = BE65AC891E09B3600084D267 /* LaunchScreen.storyboard */; };
/* End PBXBuildFile section */

/* Begin PBXFileReference section */
		BE65AC7D1E09B3600084D267 /* Stack.app */ = {isa = PBXFileReference; explicitFileType = wrapper.application; includeInIndex = 0; path = Stack.app; sourceTree = BUILT_PRODUCTS_DIR; };
		BE65AC801E09B3600084D267 /* AppDelegate.swift */ = {isa = PBXFileReference; lastKnownFileType = sourcecode.swift; path = AppDelegate.swift; sourceTree = "<group>"; };
		BE65AC821E09B3600084D267 /* ViewController.swift */ = {isa = PBXFileReference; lastKnownFileType = sourcecode.swift; path = ViewController.swift; sourceTree = "<group>"; };
		BE65AC851E09B3600084D267 /* Base */ = {isa = PBXFileReference; lastKnownFileType = file.storyboard; name = Base; path = Base.lproj/Main.storyboard; sourceTree = "<group>"; };
		BE65AC871E09B3600084D267 /* Assets.xcassets */ = {isa = PBXFileReference; lastKnownFileType = folder.assetcatalog; path = Assets.xcassets; sourceTree = "<group>"; };
		BE65AC8A1E09B3600084D267 /* Base */ = {isa = PBXFileReference; lastKnownFileType = file.storyboard; name = Base; path = Base.lproj/LaunchScreen.storyboard; sourceTree = "<group>"; };
		BE65AC8C1E09B3600084D267 /* Info.plist */ = {isa = PBXFileReference; lastKnownFileType = text.plist.xml; path = Info.plist; sourceTree = "<group>"; };
/* End PBXFileReference section */

/* Begin PBXFrameworksBuildPhase section */
		BE65AC7A1E09B3600084D267 /* Frameworks */ = {
			isa = PBXFrameworksBuildPhase;
			buildActionMask = 2147483647;
			files = (
			);
			runOnlyForDeploymentPostprocessing = 0;
		};
/* End PBXFrameworksBuildPhase section */

/* Begin PBXGroup section */
		BE65AC741E09B3600084D267 = {
			isa = PBXGroup;
			children = (
				BE65AC7F1E09B3600084D267 /* Stack */,
				BE65AC7E1E09B3600084D267 /* Products */,
			);
			sourceTree = "<group>";
		};
		BE65AC7E1E09B3600084D267 /* Products */ = {
			isa = PBXGroup;
			children = (
				BE65AC7D1E09B3600084D267 /* Stack.app */,
			);
			name = Products;
			sourceTree = "<group>";
		};
		BE65AC7F1E09B3600084D267 /* Stack */ = {
			isa = PBXGroup;
			children = (
				BE65AC801E09B3600084D267 /* AppDelegate.swift */,
				BE65AC821E09B3600084D267 /* ViewController.swift */,
				BE65AC841E09B3600084D267 /* Main.storyboard */,
				BE65AC871E09B3600084D267 /* Assets.xcassets */,
				BE65AC891E09B3600084D267 /* LaunchScreen.storyboard */,
				BE65AC8C1E09B3600084D267 /* Info.plist */,
			);
			path = Stack;
			sourceTree = "<group>";
		};
/* End PBXGroup section */

/* Begin PBXNativeTarget section */
		BE65AC7C1E09B3600084D267 /* Stack */ = {
			isa = PBXNativeTarget;
			buildConfigurationList = BE65AC8F1E09B3600084D267 /* Build configuration list for PBXNativeTarget "Stack" */;
			buildPhases = (
				BE65AC791E09B3600084D267 /* Sources */,
				BE65AC7A1E09B3600084D267 /* Frameworks */,
				BE65AC7B1E09B3600084D267 /* Resources */,
			);
			buildRules = (
			);
			dependencies = (
			);
			name = Stack;
			productName = Stack;
			productReference = BE65AC7D1E09B3600084D267 /* Stack.app */;
			productType = "com.apple.product-type.application";
		};
/* End PBXNativeTarget section */

/* Begin PBXProject section */
		BE65AC751E09B3600084D267 /* Project object */ = {
			isa = PBXProject;
			attributes = {
				LastSwiftUpdateCheck = 0820;
				LastUpgradeCheck = 0820;
				ORGANIZATIONNAME = "Henrique Liberato";
				TargetAttributes = {
					BE65AC7C1E09B3600084D267 = {
						CreatedOnToolsVersion = 8.2;
						DevelopmentTeam = NRP9A9RQ86;
						ProvisioningStyle = Automatic;
					};
				};
			};
			buildConfigurationList = BE65AC781E09B3600084D267 /* Build configuration list for PBXProject "Stack" */;
			compatibilityVersion = "Xcode 3.2";
			developmentRegion = English;
			hasScannedForEncodings = 0;
			knownRegions = (
				en,
				Base,
			);
			mainGroup = BE65AC741E09B3600084D267;
			productRefGroup = BE65AC7E1E09B3600084D267 /* Products */;
			projectDirPath = "";
			projectRoot = "";
			targets = (
				BE65AC7C1E09B3600084D267 /* Stack */,
			);
		};
/* End PBXProject section */

/* Begin PBXResourcesBuildPhase section */
		BE65AC7B1E09B3600084D267 /* Resources */ = {
			isa = PBXResourcesBuildPhase;
			buildActionMask = 2147483647;
			files = (
				BE65AC8B1E09B3600084D267 /* LaunchScreen.storyboard in Resources */,
				BE65AC881E09B3600084D267 /* Assets.xcassets in Resources */,
				BE65AC861E09B3600084D267 /* Main.storyboard in Resources */,
			);
			runOnlyForDeploymentPostprocessing = 0;
		};
/* End PBXResourcesBuildPhase section */

/* Begin PBXSourcesBuildPhase section */
		BE65AC791E09B3600084D267 /* Sources */ = {
			isa = PBXSourcesBuildPhase;
			buildActionMask = 2147483647;
			files = (
				BE65AC831E09B3600084D267 /* ViewController.swift in Sources */,
				BE65AC811E09B3600084D267 /* AppDelegate.swift in Sources */,
			);
			runOnlyForDeploymentPostprocessing = 0;
		};
/* End PBXSourcesBuildPhase section */

/* Begin PBXVariantGroup section */
		BE65AC841E09B3600084D267 /* Main.storyboard */ = {
			isa = PBXVariantGroup;
			children = (
				BE65AC851E09B3600084D267 /* Base */,
			);
			name = Main.storyboard;
			sourceTree = "<group>";
		};
		BE65AC891E09B3600084D267 /* LaunchScreen.storyboard */ = {
			isa = PBXVariantGroup;
			children = (
				BE65AC8A1E09B3600084D267 /* Base */,
			);
			name = LaunchScreen.storyboard;
			sourceTree = "<group>";
		};
/* End PBXVariantGroup section */

/* Begin XCBuildConfiguration section */
		BE65AC8D1E09B3600084D267 /* Debug */ = {
			isa = XCBuildConfiguration;
			buildSettings = {
				ALWAYS_SEARCH_USER_PATHS = NO;
				CLANG_ANALYZER_NONNULL = YES;
				CLANG_CXX_LANGUAGE_STANDARD = "gnu++0x";
				CLANG_CXX_LIBRARY = "libc++";
				CLANG_ENABLE_MODULES = YES;
				CLANG_ENABLE_OBJC_ARC = YES;
				CLANG_WARN_BOOL_CONVERSION = YES;
				CLANG_WARN_CONSTANT_CONVERSION = YES;
				CLANG_WARN_DIRECT_OBJC_ISA_USAGE = YES_ERROR;
				CLANG_WARN_DOCUMENTATION_COMMENTS = YES;
				CLANG_WARN_EMPTY_BODY = YES;
				CLANG_WARN_ENUM_CONVERSION = YES;
				CLANG_WARN_INFINITE_RECURSION = YES;
				CLANG_WARN_INT_CONVERSION = YES;
				CLANG_WARN_OBJC_ROOT_CLASS = YES_ERROR;
				CLANG_WARN_SUSPICIOUS_MOVE = YES;
				CLANG_WARN_UNREACHABLE_CODE = YES;
				CLANG_WARN__DUPLICATE_METHOD_MATCH = YES;
				"CODE_SIGN_IDENTITY[sdk=iphoneos*]" = "iPhone Developer";
				COPY_PHASE_STRIP = NO;
				DEBUG_INFORMATION_FORMAT = dwarf;
				ENABLE_STRICT_OBJC_MSGSEND = YES;
				ENABLE_TESTABILITY = YES;
				GCC_C_LANGUAGE_STANDARD = gnu99;
				GCC_DYNAMIC_NO_PIC = NO;
				GCC_NO_COMMON_BLOCKS = YES;
				GCC_OPTIMIZATION_LEVEL = 0;
				GCC_PREPROCESSOR_DEFINITIONS = (
					"DEBUG=1",
					"$(inherited)",
				);
				GCC_WARN_64_TO_32_BIT_CONVERSION = YES;
				GCC_WARN_ABOUT_RETURN_TYPE = YES_ERROR;
				GCC_WARN_UNDECLARED_SELECTOR = YES;
				GCC_WARN_UNINITIALIZED_AUTOS = YES_AGGRESSIVE;
				GCC_WARN_UNUSED_FUNCTION = YES;
				GCC_WARN_UNUSED_VARIABLE = YES;
				IPHONEOS_DEPLOYMENT_TARGET = 10.2;
				MTL_ENABLE_DEBUG_INFO = YES;
				ONLY_ACTIVE_ARCH = YES;
				SDKROOT = iphoneos;
				SWIFT_ACTIVE_COMPILATION_CONDITIONS = DEBUG;
				SWIFT_OPTIMIZATION_LEVEL = "-Onone";
			};
			name = Debug;
		};
		BE65AC8E1E09B3600084D267 /* Release */ = {
			isa = XCBuildConfiguration;
			buildSettings = {
				ALWAYS_SEARCH_USER_PATHS = NO;
				CLANG_ANALYZER_NONNULL = YES;
				CLANG_CXX_LANGUAGE_STANDARD = "gnu++0x";
				CLANG_CXX_LIBRARY = "libc++";
				CLANG_ENABLE_MODULES = YES;
				CLANG_ENABLE_OBJC_ARC = YES;
				CLANG_WARN_BOOL_CONVERSION = YES;
				CLANG_WARN_CONSTANT_CONVERSION = YES;
				CLANG_WARN_DIRECT_OBJC_ISA_USAGE = YES_ERROR;
				CLANG_WARN_DOCUMENTATION_COMMENTS = YES;
				CLANG_WARN_EMPTY_BODY = YES;
				CLANG_WARN_ENUM_CONVERSION = YES;
				CLANG_WARN_INFINITE_RECURSION = YES;
				CLANG_WARN_INT_CONVERSION = YES;
				CLANG_WARN_OBJC_ROOT_CLASS = YES_ERROR;
				CLANG_WARN_SUSPICIOUS_MOVE = YES;
				CLANG_WARN_UNREACHABLE_CODE = YES;
				CLANG_WARN__DUPLICATE_METHOD_MATCH = YES;
				"CODE_SIGN_IDENTITY[sdk=iphoneos*]" = "iPhone Developer";
				COPY_PHASE_STRIP = NO;
				DEBUG_INFORMATION_FORMAT = "dwarf-with-dsym";
				ENABLE_NS_ASSERTIONS = NO;
				ENABLE_STRICT_OBJC_MSGSEND = YES;
				GCC_C_LANGUAGE_STANDARD = gnu99;
				GCC_NO_COMMON_BLOCKS = YES;
				GCC_WARN_64_TO_32_BIT_CONVERSION = YES;
				GCC_WARN_ABOUT_RETURN_TYPE = YES_ERROR;
				GCC_WARN_UNDECLARED_SELECTOR = YES;
				GCC_WARN_UNINITIALIZED_AUTOS = YES_AGGRESSIVE;
				GCC_WARN_UNUSED_FUNCTION = YES;
				GCC_WARN_UNUSED_VARIABLE = YES;
				IPHONEOS_DEPLOYMENT_TARGET = 10.2;
				MTL_ENABLE_DEBUG_INFO = NO;
				SDKROOT = iphoneos;
				SWIFT_OPTIMIZATION_LEVEL = "-Owholemodule";
				VALIDATE_PRODUCT = YES;
			};
			name = Release;
		};
		BE65AC901E09B3600084D267 /* Debug */ = {
			isa = XCBuildConfiguration;
			buildSettings = {
				ASSETCATALOG_COMPILER_APPICON_NAME = AppIcon;
				DEVELOPMENT_TEAM = NRP9A9RQ86;
				INFOPLIST_FILE = Stack/Info.plist;
				LD_RUNPATH_SEARCH_PATHS = "$(inherited) @executable_path/Frameworks";
				PRODUCT_BUNDLE_IDENTIFIER = br.com.henriqueliberato.Stack;
				PRODUCT_NAME = "$(TARGET_NAME)";
				SWIFT_VERSION = 3.0;
			};
			name = Debug;
		};
		BE65AC911E09B3600084D267 /* Release */ = {
			isa = XCBuildConfiguration;
			buildSettings = {
				ASSETCATALOG_COMPILER_APPICON_NAME = AppIcon;
				DEVELOPMENT_TEAM = NRP9A9RQ86;
				INFOPLIST_FILE = Stack/Info.plist;
				LD_RUNPATH_SEARCH_PATHS = "$(inherited) @executable_path/Frameworks";
				PRODUCT_BUNDLE_IDENTIFIER = br.com.henriqueliberato.Stack;
				PRODUCT_NAME = "$(TARGET_NAME)";
				SWIFT_VERSION = 3.0;
			};
			name = Release;
		};
/* End XCBuildConfiguration section */

/* Begin XCConfigurationList section */
		BE65AC781E09B3600084D267 /* Build configuration list for PBXProject "Stack" */ = {
			isa = XCConfigurationList;
			buildConfigurations = (
				BE65AC8D1E09B3600084D267 /* Debug */,
				BE65AC8E1E09B3600084D267 /* Release */,
			);
			defaultConfigurationIsVisible = 0;
			defaultConfigurationName = Release;
		};
		BE65AC8F1E09B3600084D267 /* Build configuration list for PBXNativeTarget "Stack" */ = {
			isa = XCConfigurationList;
			buildConfigurations = (
				BE65AC901E09B3600084D267 /* Debug */,
				BE65AC911E09B3600084D267 /* Release */,
			);
			defaultConfigurationIsVisible = 0;
		};
/* End XCConfigurationList section */
	};
	rootObject = BE65AC751E09B3600084D267 /* Project object */;
}
