// !$*UTF8*$!
{
	archiveVersion = 1;
	classes = {
	};
	objectVersion = 46;
	objects = {

/* Begin PBXBuildFile section */
		BE5A79851E00630C000576B0 /* AppDelegate.swift in Sources */ = {isa = PBXBuildFile; fileRef = BE5A79841E00630C000576B0 /* AppDelegate.swift */; };
		BE5A79871E00630C000576B0 /* ViewController.swift in Sources */ = {isa = PBXBuildFile; fileRef = BE5A79861E00630C000576B0 /* ViewController.swift */; };
		BE5A798A1E00630C000576B0 /* Main.storyboard in Resources */ = {isa = PBXBuildFile; fileRef = BE5A79881E00630C000576B0 /* Main.storyboard */; };
		BE5A798C1E00630C000576B0 /* Assets.xcassets in Resources */ = {isa = PBXBuildFile; fileRef = BE5A798B1E00630C000576B0 /* Assets.xcassets */; };
		BE5A798F1E00630C000576B0 /* LaunchScreen.storyboard in Resources */ = {isa = PBXBuildFile; fileRef = BE5A798D1E00630C000576B0 /* LaunchScreen.storyboard */; };
/* End PBXBuildFile section */

/* Begin PBXFileReference section */
		BE5A79811E00630C000576B0 /* Frases.app */ = {isa = PBXFileReference; explicitFileType = wrapper.application; includeInIndex = 0; path = Frases.app; sourceTree = BUILT_PRODUCTS_DIR; };
		BE5A79841E00630C000576B0 /* AppDelegate.swift */ = {isa = PBXFileReference; lastKnownFileType = sourcecode.swift; path = AppDelegate.swift; sourceTree = "<group>"; };
		BE5A79861E00630C000576B0 /* ViewController.swift */ = {isa = PBXFileReference; lastKnownFileType = sourcecode.swift; path = ViewController.swift; sourceTree = "<group>"; };
		BE5A79891E00630C000576B0 /* Base */ = {isa = PBXFileReference; lastKnownFileType = file.storyboard; name = Base; path = Base.lproj/Main.storyboard; sourceTree = "<group>"; };
		BE5A798B1E00630C000576B0 /* Assets.xcassets */ = {isa = PBXFileReference; lastKnownFileType = folder.assetcatalog; path = Assets.xcassets; sourceTree = "<group>"; };
		BE5A798E1E00630C000576B0 /* Base */ = {isa = PBXFileReference; lastKnownFileType = file.storyboard; name = Base; path = Base.lproj/LaunchScreen.storyboard; sourceTree = "<group>"; };
		BE5A79901E00630C000576B0 /* Info.plist */ = {isa = PBXFileReference; lastKnownFileType = text.plist.xml; path = Info.plist; sourceTree = "<group>"; };
/* End PBXFileReference section */

/* Begin PBXFrameworksBuildPhase section */
		BE5A797E1E00630B000576B0 /* Frameworks */ = {
			isa = PBXFrameworksBuildPhase;
			buildActionMask = 2147483647;
			files = (
			);
			runOnlyForDeploymentPostprocessing = 0;
		};
/* End PBXFrameworksBuildPhase section */

/* Begin PBXGroup section */
		BE5A79781E00630B000576B0 = {
			isa = PBXGroup;
			children = (
				BE5A79831E00630C000576B0 /* Frases */,
				BE5A79821E00630C000576B0 /* Products */,
			);
			sourceTree = "<group>";
		};
		BE5A79821E00630C000576B0 /* Products */ = {
			isa = PBXGroup;
			children = (
				BE5A79811E00630C000576B0 /* Frases.app */,
			);
			name = Products;
			sourceTree = "<group>";
		};
		BE5A79831E00630C000576B0 /* Frases */ = {
			isa = PBXGroup;
			children = (
				BE5A79841E00630C000576B0 /* AppDelegate.swift */,
				BE5A79861E00630C000576B0 /* ViewController.swift */,
				BE5A79881E00630C000576B0 /* Main.storyboard */,
				BE5A798B1E00630C000576B0 /* Assets.xcassets */,
				BE5A798D1E00630C000576B0 /* LaunchScreen.storyboard */,
				BE5A79901E00630C000576B0 /* Info.plist */,
			);
			path = Frases;
			sourceTree = "<group>";
		};
/* End PBXGroup section */

/* Begin PBXNativeTarget section */
		BE5A79801E00630B000576B0 /* Frases */ = {
			isa = PBXNativeTarget;
			buildConfigurationList = BE5A79931E00630C000576B0 /* Build configuration list for PBXNativeTarget "Frases" */;
			buildPhases = (
				BE5A797D1E00630B000576B0 /* Sources */,
				BE5A797E1E00630B000576B0 /* Frameworks */,
				BE5A797F1E00630B000576B0 /* Resources */,
			);
			buildRules = (
			);
			dependencies = (
			);
			name = Frases;
			productName = Frases;
			productReference = BE5A79811E00630C000576B0 /* Frases.app */;
			productType = "com.apple.product-type.application";
		};
/* End PBXNativeTarget section */

/* Begin PBXProject section */
		BE5A79791E00630B000576B0 /* Project object */ = {
			isa = PBXProject;
			attributes = {
				LastSwiftUpdateCheck = 0810;
				LastUpgradeCheck = 0810;
				ORGANIZATIONNAME = "Henrique Liberato";
				TargetAttributes = {
					BE5A79801E00630B000576B0 = {
						CreatedOnToolsVersion = 8.1;
						DevelopmentTeam = NRP9A9RQ86;
						ProvisioningStyle = Automatic;
					};
				};
			};
			buildConfigurationList = BE5A797C1E00630B000576B0 /* Build configuration list for PBXProject "Frases" */;
			compatibilityVersion = "Xcode 3.2";
			developmentRegion = English;
			hasScannedForEncodings = 0;
			knownRegions = (
				en,
				Base,
			);
			mainGroup = BE5A79781E00630B000576B0;
			productRefGroup = BE5A79821E00630C000576B0 /* Products */;
			projectDirPath = "";
			projectRoot = "";
			targets = (
				BE5A79801E00630B000576B0 /* Frases */,
			);
		};
/* End PBXProject section */

/* Begin PBXResourcesBuildPhase section */
		BE5A797F1E00630B000576B0 /* Resources */ = {
			isa = PBXResourcesBuildPhase;
			buildActionMask = 2147483647;
			files = (
				BE5A798F1E00630C000576B0 /* LaunchScreen.storyboard in Resources */,
				BE5A798C1E00630C000576B0 /* Assets.xcassets in Resources */,
				BE5A798A1E00630C000576B0 /* Main.storyboard in Resources */,
			);
			runOnlyForDeploymentPostprocessing = 0;
		};
/* End PBXResourcesBuildPhase section */

/* Begin PBXSourcesBuildPhase section */
		BE5A797D1E00630B000576B0 /* Sources */ = {
			isa = PBXSourcesBuildPhase;
			buildActionMask = 2147483647;
			files = (
				BE5A79871E00630C000576B0 /* ViewController.swift in Sources */,
				BE5A79851E00630C000576B0 /* AppDelegate.swift in Sources */,
			);
			runOnlyForDeploymentPostprocessing = 0;
		};
/* End PBXSourcesBuildPhase section */

/* Begin PBXVariantGroup section */
		BE5A79881E00630C000576B0 /* Main.storyboard */ = {
			isa = PBXVariantGroup;
			children = (
				BE5A79891E00630C000576B0 /* Base */,
			);
			name = Main.storyboard;
			sourceTree = "<group>";
		};
		BE5A798D1E00630C000576B0 /* LaunchScreen.storyboard */ = {
			isa = PBXVariantGroup;
			children = (
				BE5A798E1E00630C000576B0 /* Base */,
			);
			name = LaunchScreen.storyboard;
			sourceTree = "<group>";
		};
/* End PBXVariantGroup section */

/* Begin XCBuildConfiguration section */
		BE5A79911E00630C000576B0 /* Debug */ = {
			isa = XCBuildConfiguration;
			buildSettings = {
				ALWAYS_SEARCH_USER_PATHS = NO;
				CLANG_ANALYZER_NONNULL = YES;
				CLANG_CXX_LANGUAGE_STANDARD = "gnu++0x";
				CLANG_CXX_LIBRARY = "libc++";
				CLANG_ENABLE_MODULES = YES;
				CLANG_ENABLE_OBJC_ARC = YES;
				CLANG_WARN_BOOL_CONVERSION = YES;
				CLANG_WARN_CONSTANT_CONVERSION = YES;
				CLANG_WARN_DIRECT_OBJC_ISA_USAGE = YES_ERROR;
				CLANG_WARN_DOCUMENTATION_COMMENTS = YES;
				CLANG_WARN_EMPTY_BODY = YES;
				CLANG_WARN_ENUM_CONVERSION = YES;
				CLANG_WARN_INFINITE_RECURSION = YES;
				CLANG_WARN_INT_CONVERSION = YES;
				CLANG_WARN_OBJC_ROOT_CLASS = YES_ERROR;
				CLANG_WARN_SUSPICIOUS_MOVES = YES;
				CLANG_WARN_UNREACHABLE_CODE = YES;
				CLANG_WARN__DUPLICATE_METHOD_MATCH = YES;
				"CODE_SIGN_IDENTITY[sdk=iphoneos*]" = "iPhone Developer";
				COPY_PHASE_STRIP = NO;
				DEBUG_INFORMATION_FORMAT = dwarf;
				ENABLE_STRICT_OBJC_MSGSEND = YES;
				ENABLE_TESTABILITY = YES;
				GCC_C_LANGUAGE_STANDARD = gnu99;
				GCC_DYNAMIC_NO_PIC = NO;
				GCC_NO_COMMON_BLOCKS = YES;
				GCC_OPTIMIZATION_LEVEL = 0;
				GCC_PREPROCESSOR_DEFINITIONS = (
					"DEBUG=1",
					"$(inherited)",
				);
				GCC_WARN_64_TO_32_BIT_CONVERSION = YES;
				GCC_WARN_ABOUT_RETURN_TYPE = YES_ERROR;
				GCC_WARN_UNDECLARED_SELECTOR = YES;
				GCC_WARN_UNINITIALIZED_AUTOS = YES_AGGRESSIVE;
				GCC_WARN_UNUSED_FUNCTION = YES;
				GCC_WARN_UNUSED_VARIABLE = YES;
				IPHONEOS_DEPLOYMENT_TARGET = 10.1;
				MTL_ENABLE_DEBUG_INFO = YES;
				ONLY_ACTIVE_ARCH = YES;
				SDKROOT = iphoneos;
				SWIFT_ACTIVE_COMPILATION_CONDITIONS = DEBUG;
				SWIFT_OPTIMIZATION_LEVEL = "-Onone";
			};
			name = Debug;
		};
		BE5A79921E00630C000576B0 /* Release */ = {
			isa = XCBuildConfiguration;
			buildSettings = {
				ALWAYS_SEARCH_USER_PATHS = NO;
				CLANG_ANALYZER_NONNULL = YES;
				CLANG_CXX_LANGUAGE_STANDARD = "gnu++0x";
				CLANG_CXX_LIBRARY = "libc++";
				CLANG_ENABLE_MODULES = YES;
				CLANG_ENABLE_OBJC_ARC = YES;
				CLANG_WARN_BOOL_CONVERSION = YES;
				CLANG_WARN_CONSTANT_CONVERSION = YES;
				CLANG_WARN_DIRECT_OBJC_ISA_USAGE = YES_ERROR;
				CLANG_WARN_DOCUMENTATION_COMMENTS = YES;
				CLANG_WARN_EMPTY_BODY = YES;
				CLANG_WARN_ENUM_CONVERSION = YES;
				CLANG_WARN_INFINITE_RECURSION = YES;
				CLANG_WARN_INT_CONVERSION = YES;
				CLANG_WARN_OBJC_ROOT_CLASS = YES_ERROR;
				CLANG_WARN_SUSPICIOUS_MOVES = YES;
				CLANG_WARN_UNREACHABLE_CODE = YES;
				CLANG_WARN__DUPLICATE_METHOD_MATCH = YES;
				"CODE_SIGN_IDENTITY[sdk=iphoneos*]" = "iPhone Developer";
				COPY_PHASE_STRIP = NO;
				DEBUG_INFORMATION_FORMAT = "dwarf-with-dsym";
				ENABLE_NS_ASSERTIONS = NO;
				ENABLE_STRICT_OBJC_MSGSEND = YES;
				GCC_C_LANGUAGE_STANDARD = gnu99;
				GCC_NO_COMMON_BLOCKS = YES;
				GCC_WARN_64_TO_32_BIT_CONVERSION = YES;
				GCC_WARN_ABOUT_RETURN_TYPE = YES_ERROR;
				GCC_WARN_UNDECLARED_SELECTOR = YES;
				GCC_WARN_UNINITIALIZED_AUTOS = YES_AGGRESSIVE;
				GCC_WARN_UNUSED_FUNCTION = YES;
				GCC_WARN_UNUSED_VARIABLE = YES;
				IPHONEOS_DEPLOYMENT_TARGET = 10.1;
				MTL_ENABLE_DEBUG_INFO = NO;
				SDKROOT = iphoneos;
				SWIFT_OPTIMIZATION_LEVEL = "-Owholemodule";
				VALIDATE_PRODUCT = YES;
			};
			name = Release;
		};
		BE5A79941E00630C000576B0 /* Debug */ = {
			isa = XCBuildConfiguration;
			buildSettings = {
				ASSETCATALOG_COMPILER_APPICON_NAME = AppIcon;
				DEVELOPMENT_TEAM = NRP9A9RQ86;
				INFOPLIST_FILE = Frases/Info.plist;
				LD_RUNPATH_SEARCH_PATHS = "$(inherited) @executable_path/Frameworks";
				PRODUCT_BUNDLE_IDENTIFIER = br.com.henriqueliberato.Frases;
				PRODUCT_NAME = "$(TARGET_NAME)";
				SWIFT_VERSION = 3.0;
			};
			name = Debug;
		};
		BE5A79951E00630C000576B0 /* Release */ = {
			isa = XCBuildConfiguration;
			buildSettings = {
				ASSETCATALOG_COMPILER_APPICON_NAME = AppIcon;
				DEVELOPMENT_TEAM = NRP9A9RQ86;
				INFOPLIST_FILE = Frases/Info.plist;
				LD_RUNPATH_SEARCH_PATHS = "$(inherited) @executable_path/Frameworks";
				PRODUCT_BUNDLE_IDENTIFIER = br.com.henriqueliberato.Frases;
				PRODUCT_NAME = "$(TARGET_NAME)";
				SWIFT_VERSION = 3.0;
			};
			name = Release;
		};
/* End XCBuildConfiguration section */

/* Begin XCConfigurationList section */
		BE5A797C1E00630B000576B0 /* Build configuration list for PBXProject "Frases" */ = {
			isa = XCConfigurationList;
			buildConfigurations = (
				BE5A79911E00630C000576B0 /* Debug */,
				BE5A79921E00630C000576B0 /* Release */,
			);
			defaultConfigurationIsVisible = 0;
			defaultConfigurationName = Release;
		};
		BE5A79931E00630C000576B0 /* Build configuration list for PBXNativeTarget "Frases" */ = {
			isa = XCConfigurationList;
			buildConfigurations = (
				BE5A79941E00630C000576B0 /* Debug */,
				BE5A79951E00630C000576B0 /* Release */,
			);
			defaultConfigurationIsVisible = 0;
		};
/* End XCConfigurationList section */
	};
	rootObject = BE5A79791E00630B000576B0 /* Project object */;
}
