// !$*UTF8*$!
{
	archiveVersion = 1;
	classes = {
	};
	objectVersion = 46;
	objects = {

/* Begin PBXBuildFile section */
		BEBB8C801DECA3A300677769 /* AppDelegate.swift in Sources */ = {isa = PBXBuildFile; fileRef = BEBB8C7F1DECA3A300677769 /* AppDelegate.swift */; };
		BEBB8C821DECA3A300677769 /* ViewController.swift in Sources */ = {isa = PBXBuildFile; fileRef = BEBB8C811DECA3A300677769 /* ViewController.swift */; };
		BEBB8C851DECA3A300677769 /* Main.storyboard in Resources */ = {isa = PBXBuildFile; fileRef = BEBB8C831DECA3A300677769 /* Main.storyboard */; };
		BEBB8C871DECA3A300677769 /* Assets.xcassets in Resources */ = {isa = PBXBuildFile; fileRef = BEBB8C861DECA3A300677769 /* Assets.xcassets */; };
		BEBB8C8A1DECA3A300677769 /* LaunchScreen.storyboard in Resources */ = {isa = PBXBuildFile; fileRef = BEBB8C881DECA3A300677769 /* LaunchScreen.storyboard */; };
/* End PBXBuildFile section */

/* Begin PBXFileReference section */
		BEBB8C7C1DECA3A300677769 /* Idade Cachorro.app */ = {isa = PBXFileReference; explicitFileType = wrapper.application; includeInIndex = 0; path = "Idade Cachorro.app"; sourceTree = BUILT_PRODUCTS_DIR; };
		BEBB8C7F1DECA3A300677769 /* AppDelegate.swift */ = {isa = PBXFileReference; lastKnownFileType = sourcecode.swift; path = AppDelegate.swift; sourceTree = "<group>"; };
		BEBB8C811DECA3A300677769 /* ViewController.swift */ = {isa = PBXFileReference; lastKnownFileType = sourcecode.swift; path = ViewController.swift; sourceTree = "<group>"; };
		BEBB8C841DECA3A300677769 /* Base */ = {isa = PBXFileReference; lastKnownFileType = file.storyboard; name = Base; path = Base.lproj/Main.storyboard; sourceTree = "<group>"; };
		BEBB8C861DECA3A300677769 /* Assets.xcassets */ = {isa = PBXFileReference; lastKnownFileType = folder.assetcatalog; path = Assets.xcassets; sourceTree = "<group>"; };
		BEBB8C891DECA3A300677769 /* Base */ = {isa = PBXFileReference; lastKnownFileType = file.storyboard; name = Base; path = Base.lproj/LaunchScreen.storyboard; sourceTree = "<group>"; };
		BEBB8C8B1DECA3A300677769 /* Info.plist */ = {isa = PBXFileReference; lastKnownFileType = text.plist.xml; path = Info.plist; sourceTree = "<group>"; };
/* End PBXFileReference section */

/* Begin PBXFrameworksBuildPhase section */
		BEBB8C791DECA3A300677769 /* Frameworks */ = {
			isa = PBXFrameworksBuildPhase;
			buildActionMask = 2147483647;
			files = (
			);
			runOnlyForDeploymentPostprocessing = 0;
		};
/* End PBXFrameworksBuildPhase section */

/* Begin PBXGroup section */
		BEBB8C731DECA3A300677769 = {
			isa = PBXGroup;
			children = (
				BEBB8C7E1DECA3A300677769 /* Idade Cachorro */,
				BEBB8C7D1DECA3A300677769 /* Products */,
			);
			sourceTree = "<group>";
		};
		BEBB8C7D1DECA3A300677769 /* Products */ = {
			isa = PBXGroup;
			children = (
				BEBB8C7C1DECA3A300677769 /* Idade Cachorro.app */,
			);
			name = Products;
			sourceTree = "<group>";
		};
		BEBB8C7E1DECA3A300677769 /* Idade Cachorro */ = {
			isa = PBXGroup;
			children = (
				BEBB8C7F1DECA3A300677769 /* AppDelegate.swift */,
				BEBB8C811DECA3A300677769 /* ViewController.swift */,
				BEBB8C831DECA3A300677769 /* Main.storyboard */,
				BEBB8C861DECA3A300677769 /* Assets.xcassets */,
				BEBB8C881DECA3A300677769 /* LaunchScreen.storyboard */,
				BEBB8C8B1DECA3A300677769 /* Info.plist */,
			);
			path = "Idade Cachorro";
			sourceTree = "<group>";
		};
/* End PBXGroup section */

/* Begin PBXNativeTarget section */
		BEBB8C7B1DECA3A300677769 /* Idade Cachorro */ = {
			isa = PBXNativeTarget;
			buildConfigurationList = BEBB8C8E1DECA3A300677769 /* Build configuration list for PBXNativeTarget "Idade Cachorro" */;
			buildPhases = (
				BEBB8C781DECA3A300677769 /* Sources */,
				BEBB8C791DECA3A300677769 /* Frameworks */,
				BEBB8C7A1DECA3A300677769 /* Resources */,
			);
			buildRules = (
			);
			dependencies = (
			);
			name = "Idade Cachorro";
			productName = "Idade Cachorro";
			productReference = BEBB8C7C1DECA3A300677769 /* Idade Cachorro.app */;
			productType = "com.apple.product-type.application";
		};
/* End PBXNativeTarget section */

/* Begin PBXProject section */
		BEBB8C741DECA3A300677769 /* Project object */ = {
			isa = PBXProject;
			attributes = {
				LastSwiftUpdateCheck = 0810;
				LastUpgradeCheck = 0810;
				ORGANIZATIONNAME = "Henrique Liberato";
				TargetAttributes = {
					BEBB8C7B1DECA3A300677769 = {
						CreatedOnToolsVersion = 8.1;
						DevelopmentTeam = NRP9A9RQ86;
						ProvisioningStyle = Automatic;
					};
				};
			};
			buildConfigurationList = BEBB8C771DECA3A300677769 /* Build configuration list for PBXProject "Idade Cachorro" */;
			compatibilityVersion = "Xcode 3.2";
			developmentRegion = English;
			hasScannedForEncodings = 0;
			knownRegions = (
				en,
				Base,
			);
			mainGroup = BEBB8C731DECA3A300677769;
			productRefGroup = BEBB8C7D1DECA3A300677769 /* Products */;
			projectDirPath = "";
			projectRoot = "";
			targets = (
				BEBB8C7B1DECA3A300677769 /* Idade Cachorro */,
			);
		};
/* End PBXProject section */

/* Begin PBXResourcesBuildPhase section */
		BEBB8C7A1DECA3A300677769 /* Resources */ = {
			isa = PBXResourcesBuildPhase;
			buildActionMask = 2147483647;
			files = (
				BEBB8C8A1DECA3A300677769 /* LaunchScreen.storyboard in Resources */,
				BEBB8C871DECA3A300677769 /* Assets.xcassets in Resources */,
				BEBB8C851DECA3A300677769 /* Main.storyboard in Resources */,
			);
			runOnlyForDeploymentPostprocessing = 0;
		};
/* End PBXResourcesBuildPhase section */

/* Begin PBXSourcesBuildPhase section */
		BEBB8C781DECA3A300677769 /* Sources */ = {
			isa = PBXSourcesBuildPhase;
			buildActionMask = 2147483647;
			files = (
				BEBB8C821DECA3A300677769 /* ViewController.swift in Sources */,
				BEBB8C801DECA3A300677769 /* AppDelegate.swift in Sources */,
			);
			runOnlyForDeploymentPostprocessing = 0;
		};
/* End PBXSourcesBuildPhase section */

/* Begin PBXVariantGroup section */
		BEBB8C831DECA3A300677769 /* Main.storyboard */ = {
			isa = PBXVariantGroup;
			children = (
				BEBB8C841DECA3A300677769 /* Base */,
			);
			name = Main.storyboard;
			sourceTree = "<group>";
		};
		BEBB8C881DECA3A300677769 /* LaunchScreen.storyboard */ = {
			isa = PBXVariantGroup;
			children = (
				BEBB8C891DECA3A300677769 /* Base */,
			);
			name = LaunchScreen.storyboard;
			sourceTree = "<group>";
		};
/* End PBXVariantGroup section */

/* Begin XCBuildConfiguration section */
		BEBB8C8C1DECA3A300677769 /* Debug */ = {
			isa = XCBuildConfiguration;
			buildSettings = {
				ALWAYS_SEARCH_USER_PATHS = NO;
				CLANG_ANALYZER_NONNULL = YES;
				CLANG_CXX_LANGUAGE_STANDARD = "gnu++0x";
				CLANG_CXX_LIBRARY = "libc++";
				CLANG_ENABLE_MODULES = YES;
				CLANG_ENABLE_OBJC_ARC = YES;
				CLANG_WARN_BOOL_CONVERSION = YES;
				CLANG_WARN_CONSTANT_CONVERSION = YES;
				CLANG_WARN_DIRECT_OBJC_ISA_USAGE = YES_ERROR;
				CLANG_WARN_DOCUMENTATION_COMMENTS = YES;
				CLANG_WARN_EMPTY_BODY = YES;
				CLANG_WARN_ENUM_CONVERSION = YES;
				CLANG_WARN_INFINITE_RECURSION = YES;
				CLANG_WARN_INT_CONVERSION = YES;
				CLANG_WARN_OBJC_ROOT_CLASS = YES_ERROR;
				CLANG_WARN_SUSPICIOUS_MOVES = YES;
				CLANG_WARN_UNREACHABLE_CODE = YES;
				CLANG_WARN__DUPLICATE_METHOD_MATCH = YES;
				"CODE_SIGN_IDENTITY[sdk=iphoneos*]" = "iPhone Developer";
				COPY_PHASE_STRIP = NO;
				DEBUG_INFORMATION_FORMAT = dwarf;
				ENABLE_STRICT_OBJC_MSGSEND = YES;
				ENABLE_TESTABILITY = YES;
				GCC_C_LANGUAGE_STANDARD = gnu99;
				GCC_DYNAMIC_NO_PIC = NO;
				GCC_NO_COMMON_BLOCKS = YES;
				GCC_OPTIMIZATION_LEVEL = 0;
				GCC_PREPROCESSOR_DEFINITIONS = (
					"DEBUG=1",
					"$(inherited)",
				);
				GCC_WARN_64_TO_32_BIT_CONVERSION = YES;
				GCC_WARN_ABOUT_RETURN_TYPE = YES_ERROR;
				GCC_WARN_UNDECLARED_SELECTOR = YES;
				GCC_WARN_UNINITIALIZED_AUTOS = YES_AGGRESSIVE;
				GCC_WARN_UNUSED_FUNCTION = YES;
				GCC_WARN_UNUSED_VARIABLE = YES;
				IPHONEOS_DEPLOYMENT_TARGET = 10.1;
				MTL_ENABLE_DEBUG_INFO = YES;
				ONLY_ACTIVE_ARCH = YES;
				SDKROOT = iphoneos;
				SWIFT_ACTIVE_COMPILATION_CONDITIONS = DEBUG;
				SWIFT_OPTIMIZATION_LEVEL = "-Onone";
			};
			name = Debug;
		};
		BEBB8C8D1DECA3A300677769 /* Release */ = {
			isa = XCBuildConfiguration;
			buildSettings = {
				ALWAYS_SEARCH_USER_PATHS = NO;
				CLANG_ANALYZER_NONNULL = YES;
				CLANG_CXX_LANGUAGE_STANDARD = "gnu++0x";
				CLANG_CXX_LIBRARY = "libc++";
				CLANG_ENABLE_MODULES = YES;
				CLANG_ENABLE_OBJC_ARC = YES;
				CLANG_WARN_BOOL_CONVERSION = YES;
				CLANG_WARN_CONSTANT_CONVERSION = YES;
				CLANG_WARN_DIRECT_OBJC_ISA_USAGE = YES_ERROR;
				CLANG_WARN_DOCUMENTATION_COMMENTS = YES;
				CLANG_WARN_EMPTY_BODY = YES;
				CLANG_WARN_ENUM_CONVERSION = YES;
				CLANG_WARN_INFINITE_RECURSION = YES;
				CLANG_WARN_INT_CONVERSION = YES;
				CLANG_WARN_OBJC_ROOT_CLASS = YES_ERROR;
				CLANG_WARN_SUSPICIOUS_MOVES = YES;
				CLANG_WARN_UNREACHABLE_CODE = YES;
				CLANG_WARN__DUPLICATE_METHOD_MATCH = YES;
				"CODE_SIGN_IDENTITY[sdk=iphoneos*]" = "iPhone Developer";
				COPY_PHASE_STRIP = NO;
				DEBUG_INFORMATION_FORMAT = "dwarf-with-dsym";
				ENABLE_NS_ASSERTIONS = NO;
				ENABLE_STRICT_OBJC_MSGSEND = YES;
				GCC_C_LANGUAGE_STANDARD = gnu99;
				GCC_NO_COMMON_BLOCKS = YES;
				GCC_WARN_64_TO_32_BIT_CONVERSION = YES;
				GCC_WARN_ABOUT_RETURN_TYPE = YES_ERROR;
				GCC_WARN_UNDECLARED_SELECTOR = YES;
				GCC_WARN_UNINITIALIZED_AUTOS = YES_AGGRESSIVE;
				GCC_WARN_UNUSED_FUNCTION = YES;
				GCC_WARN_UNUSED_VARIABLE = YES;
				IPHONEOS_DEPLOYMENT_TARGET = 10.1;
				MTL_ENABLE_DEBUG_INFO = NO;
				SDKROOT = iphoneos;
				SWIFT_OPTIMIZATION_LEVEL = "-Owholemodule";
				VALIDATE_PRODUCT = YES;
			};
			name = Release;
		};
		BEBB8C8F1DECA3A300677769 /* Debug */ = {
			isa = XCBuildConfiguration;
			buildSettings = {
				ASSETCATALOG_COMPILER_APPICON_NAME = AppIcon;
				DEVELOPMENT_TEAM = NRP9A9RQ86;
				INFOPLIST_FILE = "Idade Cachorro/Info.plist";
				LD_RUNPATH_SEARCH_PATHS = "$(inherited) @executable_path/Frameworks";
				PRODUCT_BUNDLE_IDENTIFIER = "br.com.henriqueliberato.Idade-Cachorro";
				PRODUCT_NAME = "$(TARGET_NAME)";
				SWIFT_VERSION = 3.0;
			};
			name = Debug;
		};
		BEBB8C901DECA3A300677769 /* Release */ = {
			isa = XCBuildConfiguration;
			buildSettings = {
				ASSETCATALOG_COMPILER_APPICON_NAME = AppIcon;
				DEVELOPMENT_TEAM = NRP9A9RQ86;
				INFOPLIST_FILE = "Idade Cachorro/Info.plist";
				LD_RUNPATH_SEARCH_PATHS = "$(inherited) @executable_path/Frameworks";
				PRODUCT_BUNDLE_IDENTIFIER = "br.com.henriqueliberato.Idade-Cachorro";
				PRODUCT_NAME = "$(TARGET_NAME)";
				SWIFT_VERSION = 3.0;
			};
			name = Release;
		};
/* End XCBuildConfiguration section */

/* Begin XCConfigurationList section */
		BEBB8C771DECA3A300677769 /* Build configuration list for PBXProject "Idade Cachorro" */ = {
			isa = XCConfigurationList;
			buildConfigurations = (
				BEBB8C8C1DECA3A300677769 /* Debug */,
				BEBB8C8D1DECA3A300677769 /* Release */,
			);
			defaultConfigurationIsVisible = 0;
			defaultConfigurationName = Release;
		};
		BEBB8C8E1DECA3A300677769 /* Build configuration list for PBXNativeTarget "Idade Cachorro" */ = {
			isa = XCConfigurationList;
			buildConfigurations = (
				BEBB8C8F1DECA3A300677769 /* Debug */,
				BEBB8C901DECA3A300677769 /* Release */,
			);
			defaultConfigurationIsVisible = 0;
			defaultConfigurationName = Release;
		};
/* End XCConfigurationList section */
	};
	rootObject = BEBB8C741DECA3A300677769 /* Project object */;
}
