// !$*UTF8*$!
{
	archiveVersion = 1;
	classes = {
	};
	objectVersion = 46;
	objects = {

/* Begin PBXBuildFile section */
		BE434EAC1DFF03060093D701 /* AppDelegate.swift in Sources */ = {isa = PBXBuildFile; fileRef = BE434EAB1DFF03060093D701 /* AppDelegate.swift */; };
		BE434EAE1DFF03060093D701 /* ViewController.swift in Sources */ = {isa = PBXBuildFile; fileRef = BE434EAD1DFF03060093D701 /* ViewController.swift */; };
		BE434EB11DFF03060093D701 /* Main.storyboard in Resources */ = {isa = PBXBuildFile; fileRef = BE434EAF1DFF03060093D701 /* Main.storyboard */; };
		BE434EB31DFF03060093D701 /* Assets.xcassets in Resources */ = {isa = PBXBuildFile; fileRef = BE434EB21DFF03060093D701 /* Assets.xcassets */; };
		BE434EB61DFF03060093D701 /* LaunchScreen.storyboard in Resources */ = {isa = PBXBuildFile; fileRef = BE434EB41DFF03060093D701 /* LaunchScreen.storyboard */; };
/* End PBXBuildFile section */

/* Begin PBXFileReference section */
		BE434EA81DFF03060093D701 /* Random.app */ = {isa = PBXFileReference; explicitFileType = wrapper.application; includeInIndex = 0; path = Random.app; sourceTree = BUILT_PRODUCTS_DIR; };
		BE434EAB1DFF03060093D701 /* AppDelegate.swift */ = {isa = PBXFileReference; lastKnownFileType = sourcecode.swift; path = AppDelegate.swift; sourceTree = "<group>"; };
		BE434EAD1DFF03060093D701 /* ViewController.swift */ = {isa = PBXFileReference; lastKnownFileType = sourcecode.swift; path = ViewController.swift; sourceTree = "<group>"; };
		BE434EB01DFF03060093D701 /* Base */ = {isa = PBXFileReference; lastKnownFileType = file.storyboard; name = Base; path = Base.lproj/Main.storyboard; sourceTree = "<group>"; };
		BE434EB21DFF03060093D701 /* Assets.xcassets */ = {isa = PBXFileReference; lastKnownFileType = folder.assetcatalog; path = Assets.xcassets; sourceTree = "<group>"; };
		BE434EB51DFF03060093D701 /* Base */ = {isa = PBXFileReference; lastKnownFileType = file.storyboard; name = Base; path = Base.lproj/LaunchScreen.storyboard; sourceTree = "<group>"; };
		BE434EB71DFF03060093D701 /* Info.plist */ = {isa = PBXFileReference; lastKnownFileType = text.plist.xml; path = Info.plist; sourceTree = "<group>"; };
/* End PBXFileReference section */

/* Begin PBXFrameworksBuildPhase section */
		BE434EA51DFF03050093D701 /* Frameworks */ = {
			isa = PBXFrameworksBuildPhase;
			buildActionMask = 2147483647;
			files = (
			);
			runOnlyForDeploymentPostprocessing = 0;
		};
/* End PBXFrameworksBuildPhase section */

/* Begin PBXGroup section */
		BE434E9F1DFF03050093D701 = {
			isa = PBXGroup;
			children = (
				BE434EAA1DFF03060093D701 /* Random */,
				BE434EA91DFF03060093D701 /* Products */,
			);
			sourceTree = "<group>";
		};
		BE434EA91DFF03060093D701 /* Products */ = {
			isa = PBXGroup;
			children = (
				BE434EA81DFF03060093D701 /* Random.app */,
			);
			name = Products;
			sourceTree = "<group>";
		};
		BE434EAA1DFF03060093D701 /* Random */ = {
			isa = PBXGroup;
			children = (
				BE434EAB1DFF03060093D701 /* AppDelegate.swift */,
				BE434EAD1DFF03060093D701 /* ViewController.swift */,
				BE434EAF1DFF03060093D701 /* Main.storyboard */,
				BE434EB21DFF03060093D701 /* Assets.xcassets */,
				BE434EB41DFF03060093D701 /* LaunchScreen.storyboard */,
				BE434EB71DFF03060093D701 /* Info.plist */,
			);
			path = Random;
			sourceTree = "<group>";
		};
/* End PBXGroup section */

/* Begin PBXNativeTarget section */
		BE434EA71DFF03050093D701 /* Random */ = {
			isa = PBXNativeTarget;
			buildConfigurationList = BE434EBA1DFF03060093D701 /* Build configuration list for PBXNativeTarget "Random" */;
			buildPhases = (
				BE434EA41DFF03050093D701 /* Sources */,
				BE434EA51DFF03050093D701 /* Frameworks */,
				BE434EA61DFF03050093D701 /* Resources */,
			);
			buildRules = (
			);
			dependencies = (
			);
			name = Random;
			productName = Random;
			productReference = BE434EA81DFF03060093D701 /* Random.app */;
			productType = "com.apple.product-type.application";
		};
/* End PBXNativeTarget section */

/* Begin PBXProject section */
		BE434EA01DFF03050093D701 /* Project object */ = {
			isa = PBXProject;
			attributes = {
				LastSwiftUpdateCheck = 0810;
				LastUpgradeCheck = 0810;
				ORGANIZATIONNAME = "Henrique Liberato";
				TargetAttributes = {
					BE434EA71DFF03050093D701 = {
						CreatedOnToolsVersion = 8.1;
						DevelopmentTeam = EE3836EPJX;
						ProvisioningStyle = Automatic;
					};
				};
			};
			buildConfigurationList = BE434EA31DFF03050093D701 /* Build configuration list for PBXProject "Random" */;
			compatibilityVersion = "Xcode 3.2";
			developmentRegion = English;
			hasScannedForEncodings = 0;
			knownRegions = (
				en,
				Base,
			);
			mainGroup = BE434E9F1DFF03050093D701;
			productRefGroup = BE434EA91DFF03060093D701 /* Products */;
			projectDirPath = "";
			projectRoot = "";
			targets = (
				BE434EA71DFF03050093D701 /* Random */,
			);
		};
/* End PBXProject section */

/* Begin PBXResourcesBuildPhase section */
		BE434EA61DFF03050093D701 /* Resources */ = {
			isa = PBXResourcesBuildPhase;
			buildActionMask = 2147483647;
			files = (
				BE434EB61DFF03060093D701 /* LaunchScreen.storyboard in Resources */,
				BE434EB31DFF03060093D701 /* Assets.xcassets in Resources */,
				BE434EB11DFF03060093D701 /* Main.storyboard in Resources */,
			);
			runOnlyForDeploymentPostprocessing = 0;
		};
/* End PBXResourcesBuildPhase section */

/* Begin PBXSourcesBuildPhase section */
		BE434EA41DFF03050093D701 /* Sources */ = {
			isa = PBXSourcesBuildPhase;
			buildActionMask = 2147483647;
			files = (
				BE434EAE1DFF03060093D701 /* ViewController.swift in Sources */,
				BE434EAC1DFF03060093D701 /* AppDelegate.swift in Sources */,
			);
			runOnlyForDeploymentPostprocessing = 0;
		};
/* End PBXSourcesBuildPhase section */

/* Begin PBXVariantGroup section */
		BE434EAF1DFF03060093D701 /* Main.storyboard */ = {
			isa = PBXVariantGroup;
			children = (
				BE434EB01DFF03060093D701 /* Base */,
			);
			name = Main.storyboard;
			sourceTree = "<group>";
		};
		BE434EB41DFF03060093D701 /* LaunchScreen.storyboard */ = {
			isa = PBXVariantGroup;
			children = (
				BE434EB51DFF03060093D701 /* Base */,
			);
			name = LaunchScreen.storyboard;
			sourceTree = "<group>";
		};
/* End PBXVariantGroup section */

/* Begin XCBuildConfiguration section */
		BE434EB81DFF03060093D701 /* Debug */ = {
			isa = XCBuildConfiguration;
			buildSettings = {
				ALWAYS_SEARCH_USER_PATHS = NO;
				CLANG_ANALYZER_NONNULL = YES;
				CLANG_CXX_LANGUAGE_STANDARD = "gnu++0x";
				CLANG_CXX_LIBRARY = "libc++";
				CLANG_ENABLE_MODULES = YES;
				CLANG_ENABLE_OBJC_ARC = YES;
				CLANG_WARN_BOOL_CONVERSION = YES;
				CLANG_WARN_CONSTANT_CONVERSION = YES;
				CLANG_WARN_DIRECT_OBJC_ISA_USAGE = YES_ERROR;
				CLANG_WARN_DOCUMENTATION_COMMENTS = YES;
				CLANG_WARN_EMPTY_BODY = YES;
				CLANG_WARN_ENUM_CONVERSION = YES;
				CLANG_WARN_INFINITE_RECURSION = YES;
				CLANG_WARN_INT_CONVERSION = YES;
				CLANG_WARN_OBJC_ROOT_CLASS = YES_ERROR;
				CLANG_WARN_SUSPICIOUS_MOVES = YES;
				CLANG_WARN_UNREACHABLE_CODE = YES;
				CLANG_WARN__DUPLICATE_METHOD_MATCH = YES;
				"CODE_SIGN_IDENTITY[sdk=iphoneos*]" = "iPhone Developer";
				COPY_PHASE_STRIP = NO;
				DEBUG_INFORMATION_FORMAT = dwarf;
				ENABLE_STRICT_OBJC_MSGSEND = YES;
				ENABLE_TESTABILITY = YES;
				GCC_C_LANGUAGE_STANDARD = gnu99;
				GCC_DYNAMIC_NO_PIC = NO;
				GCC_NO_COMMON_BLOCKS = YES;
				GCC_OPTIMIZATION_LEVEL = 0;
				GCC_PREPROCESSOR_DEFINITIONS = (
					"DEBUG=1",
					"$(inherited)",
				);
				GCC_WARN_64_TO_32_BIT_CONVERSION = YES;
				GCC_WARN_ABOUT_RETURN_TYPE = YES_ERROR;
				GCC_WARN_UNDECLARED_SELECTOR = YES;
				GCC_WARN_UNINITIALIZED_AUTOS = YES_AGGRESSIVE;
				GCC_WARN_UNUSED_FUNCTION = YES;
				GCC_WARN_UNUSED_VARIABLE = YES;
				IPHONEOS_DEPLOYMENT_TARGET = 10.1;
				MTL_ENABLE_DEBUG_INFO = YES;
				ONLY_ACTIVE_ARCH = YES;
				SDKROOT = iphoneos;
				SWIFT_ACTIVE_COMPILATION_CONDITIONS = DEBUG;
				SWIFT_OPTIMIZATION_LEVEL = "-Onone";
			};
			name = Debug;
		};
		BE434EB91DFF03060093D701 /* Release */ = {
			isa = XCBuildConfiguration;
			buildSettings = {
				ALWAYS_SEARCH_USER_PATHS = NO;
				CLANG_ANALYZER_NONNULL = YES;
				CLANG_CXX_LANGUAGE_STANDARD = "gnu++0x";
				CLANG_CXX_LIBRARY = "libc++";
				CLANG_ENABLE_MODULES = YES;
				CLANG_ENABLE_OBJC_ARC = YES;
				CLANG_WARN_BOOL_CONVERSION = YES;
				CLANG_WARN_CONSTANT_CONVERSION = YES;
				CLANG_WARN_DIRECT_OBJC_ISA_USAGE = YES_ERROR;
				CLANG_WARN_DOCUMENTATION_COMMENTS = YES;
				CLANG_WARN_EMPTY_BODY = YES;
				CLANG_WARN_ENUM_CONVERSION = YES;
				CLANG_WARN_INFINITE_RECURSION = YES;
				CLANG_WARN_INT_CONVERSION = YES;
				CLANG_WARN_OBJC_ROOT_CLASS = YES_ERROR;
				CLANG_WARN_SUSPICIOUS_MOVES = YES;
				CLANG_WARN_UNREACHABLE_CODE = YES;
				CLANG_WARN__DUPLICATE_METHOD_MATCH = YES;
				"CODE_SIGN_IDENTITY[sdk=iphoneos*]" = "iPhone Developer";
				COPY_PHASE_STRIP = NO;
				DEBUG_INFORMATION_FORMAT = "dwarf-with-dsym";
				ENABLE_NS_ASSERTIONS = NO;
				ENABLE_STRICT_OBJC_MSGSEND = YES;
				GCC_C_LANGUAGE_STANDARD = gnu99;
				GCC_NO_COMMON_BLOCKS = YES;
				GCC_WARN_64_TO_32_BIT_CONVERSION = YES;
				GCC_WARN_ABOUT_RETURN_TYPE = YES_ERROR;
				GCC_WARN_UNDECLARED_SELECTOR = YES;
				GCC_WARN_UNINITIALIZED_AUTOS = YES_AGGRESSIVE;
				GCC_WARN_UNUSED_FUNCTION = YES;
				GCC_WARN_UNUSED_VARIABLE = YES;
				IPHONEOS_DEPLOYMENT_TARGET = 10.1;
				MTL_ENABLE_DEBUG_INFO = NO;
				SDKROOT = iphoneos;
				SWIFT_OPTIMIZATION_LEVEL = "-Owholemodule";
				VALIDATE_PRODUCT = YES;
			};
			name = Release;
		};
		BE434EBB1DFF03060093D701 /* Debug */ = {
			isa = XCBuildConfiguration;
			buildSettings = {
				ASSETCATALOG_COMPILER_APPICON_NAME = AppIcon;
				DEVELOPMENT_TEAM = EE3836EPJX;
				INFOPLIST_FILE = Random/Info.plist;
				LD_RUNPATH_SEARCH_PATHS = "$(inherited) @executable_path/Frameworks";
				PRODUCT_BUNDLE_IDENTIFIER = br.com.henriqueliberato.Random;
				PRODUCT_NAME = "$(TARGET_NAME)";
				SWIFT_VERSION = 3.0;
			};
			name = Debug;
		};
		BE434EBC1DFF03060093D701 /* Release */ = {
			isa = XCBuildConfiguration;
			buildSettings = {
				ASSETCATALOG_COMPILER_APPICON_NAME = AppIcon;
				DEVELOPMENT_TEAM = EE3836EPJX;
				INFOPLIST_FILE = Random/Info.plist;
				LD_RUNPATH_SEARCH_PATHS = "$(inherited) @executable_path/Frameworks";
				PRODUCT_BUNDLE_IDENTIFIER = br.com.henriqueliberato.Random;
				PRODUCT_NAME = "$(TARGET_NAME)";
				SWIFT_VERSION = 3.0;
			};
			name = Release;
		};
/* End XCBuildConfiguration section */

/* Begin XCConfigurationList section */
		BE434EA31DFF03050093D701 /* Build configuration list for PBXProject "Random" */ = {
			isa = XCConfigurationList;
			buildConfigurations = (
				BE434EB81DFF03060093D701 /* Debug */,
				BE434EB91DFF03060093D701 /* Release */,
			);
			defaultConfigurationIsVisible = 0;
			defaultConfigurationName = Release;
		};
		BE434EBA1DFF03060093D701 /* Build configuration list for PBXNativeTarget "Random" */ = {
			isa = XCConfigurationList;
			buildConfigurations = (
				BE434EBB1DFF03060093D701 /* Debug */,
				BE434EBC1DFF03060093D701 /* Release */,
			);
			defaultConfigurationIsVisible = 0;
		};
/* End XCConfigurationList section */
	};
	rootObject = BE434EA01DFF03050093D701 /* Project object */;
}
